
Microsoft Visual Studio Solution File, Format Version 12.00
# Visual Studio Version 16
VisualStudioVersion = 16.0.29326.143
MinimumVisualStudioVersion = 10.0.40219.1
Project("{FAE04EC0-301F-11D3-BF4B-00C04F79EFBC}") = "MyConsoleApp", "ConsoleApps\MyConsoleApp.csproj", "{0910B4B7-0E72-435B-85EF-9A659125C78A}"
EndProject
Project("{FAE04EC0-301F-11D3-BF4B-00C04F79EFBC}") = "CA1", "CA1\CA1.csproj", "{28B9820D-2093-4210-AE38-98C5EA1E404F}"
EndProject
Project("{FAE04EC0-301F-11D3-BF4B-00C04F79EFBC}") = "CA2", "CA2\CA2.csproj", "{6B415188-A9A7-406D-AE6D-9841DB3C94C8}"
EndProject
Project("{FAE04EC0-301F-11D3-BF4B-00C04F79EFBC}") = "WinService", "WinService\WinService.csproj", "{765BE934-6E2E-4949-B6A8-8E2D11992D58}"
EndProject
Project("{FAE04EC0-301F-11D3-BF4B-00C04F79EFBC}") = "MDIApplication", "MDIApplication\MDIApplication.csproj", "{8150A11E-39AA-48A0-AB3D-118E80A57608}"
EndProject
Global
	GlobalSection(SolutionConfigurationPlatforms) = preSolution
		Debug|Any CPU = Debug|Any CPU
		Release|Any CPU = Release|Any CPU
	EndGlobalSection
	GlobalSection(ProjectConfigurationPlatforms) = postSolution
		{0910B4B7-0E72-435B-85EF-9A659125C78A}.Debug|Any CPU.ActiveCfg = Debug|Any CPU
		{0910B4B7-0E72-435B-85EF-9A659125C78A}.Debug|Any CPU.Build.0 = Debug|Any CPU
		{0910B4B7-0E72-435B-85EF-9A659125C78A}.Release|Any CPU.ActiveCfg = Release|Any CPU
		{0910B4B7-0E72-435B-85EF-9A659125C78A}.Release|Any CPU.Build.0 = Release|Any CPU
		{28B9820D-2093-4210-AE38-98C5EA1E404F}.Debug|Any CPU.ActiveCfg = Debug|Any CPU
		{28B9820D-2093-4210-AE38-98C5EA1E404F}.Debug|Any CPU.Build.0 = Debug|Any CPU
		{28B9820D-2093-4210-AE38-98C5EA1E404F}.Release|Any CPU.ActiveCfg = Release|Any CPU
		{28B9820D-2093-4210-AE38-98C5EA1E404F}.Release|Any CPU.Build.0 = Release|Any CPU
		{6B415188-A9A7-406D-AE6D-9841DB3C94C8}.Debug|Any CPU.ActiveCfg = Debug|Any CPU
		{6B415188-A9A7-406D-AE6D-9841DB3C94C8}.Debug|Any CPU.Build.0 = Debug|Any CPU
		{6B415188-A9A7-406D-AE6D-9841DB3C94C8}.Release|Any CPU.ActiveCfg = Release|Any CPU
		{6B415188-A9A7-406D-AE6D-9841DB3C94C8}.Release|Any CPU.Build.0 = Release|Any CPU
		{765BE934-6E2E-4949-B6A8-8E2D11992D58}.Debug|Any CPU.ActiveCfg = Debug|Any CPU
		{765BE934-6E2E-4949-B6A8-8E2D11992D58}.Debug|Any CPU.Build.0 = Debug|Any CPU
		{765BE934-6E2E-4949-B6A8-8E2D11992D58}.Release|Any CPU.ActiveCfg = Release|Any CPU
		{765BE934-6E2E-4949-B6A8-8E2D11992D58}.Release|Any CPU.Build.0 = Release|Any CPU
		{8150A11E-39AA-48A0-AB3D-118E80A57608}.Debug|Any CPU.ActiveCfg = Debug|Any CPU
		{8150A11E-39AA-48A0-AB3D-118E80A57608}.Debug|Any CPU.Build.0 = Debug|Any CPU
		{8150A11E-39AA-48A0-AB3D-118E80A57608}.Release|Any CPU.ActiveCfg = Release|Any CPU
		{8150A11E-39AA-48A0-AB3D-118E80A57608}.Release|Any CPU.Build.0 = Release|Any CPU
	EndGlobalSection
	GlobalSection(SolutionProperties) = preSolution
		HideSolutionNode = FALSE
	EndGlobalSection
	GlobalSection(ExtensibilityGlobals) = postSolution
		SolutionGuid = {E33CCCBF-4DA1-43F4-B7E1-F952E9F303DC}
	EndGlobalSection
EndGlobal
